
Microsoft Visual Studio Solution File, Format Version 12.00
# Visual Studio Version 17
VisualStudioVersion = 17.14.36518.9 d17.14
MinimumVisualStudioVersion = 10.0.40219.1
Project("{888888A0-9F3D-457C-B088-3A5042F75D52}") = "essence_tracker", "essence_tracker\essence_tracker.pyproj", "{C7DDEF53-F573-42DE-9420-84D87B65D96E}"
EndProject
Global
	GlobalSection(SolutionConfigurationPlatforms) = preSolution
		Debug|Any CPU = Debug|Any CPU
		Release|Any CPU = Release|Any CPU
	EndGlobalSection
	GlobalSection(ProjectConfigurationPlatforms) = postSolution
		{C7DDEF53-F573-42DE-9420-84D87B65D96E}.Debug|Any CPU.ActiveCfg = Debug|Any CPU
		{C7DDEF53-F573-42DE-9420-84D87B65D96E}.Release|Any CPU.ActiveCfg = Release|Any CPU
	EndGlobalSection
	GlobalSection(SolutionProperties) = preSolution
		HideSolutionNode = FALSE
	EndGlobalSection
	GlobalSection(ExtensibilityGlobals) = postSolution
		SolutionGuid = {AB8995F4-44C2-45AF-93FB-0C46F7DA9E37}
	EndGlobalSection
EndGlobal
